// !$*UTF8*$!
{
	archiveVersion = 1;
	classes = {
	};
	objectVersion = 77;
	objects = {

/* Begin PBXBuildFile section */
		4AAE31B12EBA5B4900D0AF1A /* Combine.framework in Frameworks */ = {isa = PBXBuildFile; fileRef = 4AAE31B02EBA5B4900D0AF1A /* Combine.framework */; };
		4AAE31B32EBA5B5100D0AF1A /* SwiftUI.framework in Frameworks */ = {isa = PBXBuildFile; fileRef = 4AAE31B22EBA5B5100D0AF1A /* SwiftUI.framework */; };
/* End PBXBuildFile section */

/* Begin PBXContainerItemProxy section */
		4A889F622E9C84AC00B09B3C /* PBXContainerItemProxy */ = {
			isa = PBXContainerItemProxy;
			containerPortal = 4A889F4C2E9C84A900B09B3C /* Project object */;
			proxyType = 1;
			remoteGlobalIDString = 4A889F532E9C84A900B09B3C;
			remoteInfo = CIS357Project;
		};
		4A889F6C2E9C84AC00B09B3C /* PBXContainerItemProxy */ = {
			isa = PBXContainerItemProxy;
			containerPortal = 4A889F4C2E9C84A900B09B3C /* Project object */;
			proxyType = 1;
			remoteGlobalIDString = 4A889F532E9C84A900B09B3C;
			remoteInfo = CIS357Project;
		};
/* End PBXContainerItemProxy section */

/* Begin PBXFileReference section */
		4A889F542E9C84A900B09B3C /* CIS357Project.app */ = {isa = PBXFileReference; explicitFileType = wrapper.application; includeInIndex = 0; path = CIS357Project.app; sourceTree = BUILT_PRODUCTS_DIR; };
		4A889F612E9C84AC00B09B3C /* CIS357ProjectTests.xctest */ = {isa = PBXFileReference; explicitFileType = wrapper.cfbundle; includeInIndex = 0; path = CIS357ProjectTests.xctest; sourceTree = BUILT_PRODUCTS_DIR; };
		4A889F6B2E9C84AC00B09B3C /* CIS357ProjectUITests.xctest */ = {isa = PBXFileReference; explicitFileType = wrapper.cfbundle; includeInIndex = 0; path = CIS357ProjectUITests.xctest; sourceTree = BUILT_PRODUCTS_DIR; };
		4AAE31B02EBA5B4900D0AF1A /* Combine.framework */ = {isa = PBXFileReference; lastKnownFileType = wrapper.framework; name = Combine.framework; path = System/Library/Frameworks/Combine.framework; sourceTree = SDKROOT; };
		4AAE31B22EBA5B5100D0AF1A /* SwiftUI.framework */ = {isa = PBXFileReference; lastKnownFileType = wrapper.framework; name = SwiftUI.framework; path = System/Library/Frameworks/SwiftUI.framework; sourceTree = SDKROOT; };
/* End PBXFileReference section */

/* Begin PBXFileSystemSynchronizedRootGroup section */
		4A889F562E9C84A900B09B3C /* CIS357Project */ = {
			isa = PBXFileSystemSynchronizedRootGroup;
			path = CIS357Project;
			sourceTree = "<group>";
		};
		4A889F642E9C84AC00B09B3C /* CIS357ProjectTests */ = {
			isa = PBXFileSystemSynchronizedRootGroup;
			path = CIS357ProjectTests;
			sourceTree = "<group>";
		};
		4A889F6E2E9C84AC00B09B3C /* CIS357ProjectUITests */ = {
			isa = PBXFileSystemSynchronizedRootGroup;
			path = CIS357ProjectUITests;
			sourceTree = "<group>";
		};
/* End PBXFileSystemSynchronizedRootGroup section */

/* Begin PBXFrameworksBuildPhase section */
		4A889F512E9C84A900B09B3C /* Frameworks */ = {
			isa = PBXFrameworksBuildPhase;
			buildActionMask = 2147483647;
			files = (
				4AAE31B32EBA5B5100D0AF1A /* SwiftUI.framework in Frameworks */,
				4AAE31B12EBA5B4900D0AF1A /* Combine.framework in Frameworks */,
			);
			runOnlyForDeploymentPostprocessing = 0;
		};
		4A889F5E2E9C84AC00B09B3C /* Frameworks */ = {
			isa = PBXFrameworksBuildPhase;
			buildActionMask = 2147483647;
			files = (
			);
			runOnlyForDeploymentPostprocessing = 0;
		};
		4A889F682E9C84AC00B09B3C /* Frameworks */ = {
			isa = PBXFrameworksBuildPhase;
			buildActionMask = 2147483647;
			files = (
			);
			runOnlyForDeploymentPostprocessing = 0;
		};
/* End PBXFrameworksBuildPhase section */

/* Begin PBXGroup section */
		4A889F4B2E9C84A900B09B3C = {
			isa = PBXGroup;
			children = (
				4A889F562E9C84A900B09B3C /* CIS357Project */,
				4A889F642E9C84AC00B09B3C /* CIS357ProjectTests */,
				4A889F6E2E9C84AC00B09B3C /* CIS357ProjectUITests */,
				4AAE31AF2EBA5B4000D0AF1A /* Frameworks */,
				4A889F552E9C84A900B09B3C /* Products */,
			);
			sourceTree = "<group>";
		};
		4A889F552E9C84A900B09B3C /* Products */ = {
			isa = PBXGroup;
			children = (
				4A889F542E9C84A900B09B3C /* CIS357Project.app */,
				4A889F612E9C84AC00B09B3C /* CIS357ProjectTests.xctest */,
				4A889F6B2E9C84AC00B09B3C /* CIS357ProjectUITests.xctest */,
			);
			name = Products;
			sourceTree = "<group>";
		};
		4AAE31AF2EBA5B4000D0AF1A /* Frameworks */ = {
			isa = PBXGroup;
			children = (
				4AAE31B22EBA5B5100D0AF1A /* SwiftUI.framework */,
				4AAE31B02EBA5B4900D0AF1A /* Combine.framework */,
			);
			name = Frameworks;
			sourceTree = "<group>";
		};
/* End PBXGroup section */

/* Begin PBXNativeTarget section */
		4A889F532E9C84A900B09B3C /* CIS357Project */ = {
			isa = PBXNativeTarget;
			buildConfigurationList = 4A889F752E9C84AC00B09B3C /* Build configuration list for PBXNativeTarget "CIS357Project" */;
			buildPhases = (
				4A889F502E9C84A900B09B3C /* Sources */,
				4A889F512E9C84A900B09B3C /* Frameworks */,
				4A889F522E9C84A900B09B3C /* Resources */,
			);
			buildRules = (
			);
			dependencies = (
			);
			fileSystemSynchronizedGroups = (
				4A889F562E9C84A900B09B3C /* CIS357Project */,
			);
			name = CIS357Project;
			packageProductDependencies = (
			);
			productName = CIS357Project;
			productReference = 4A889F542E9C84A900B09B3C /* CIS357Project.app */;
			productType = "com.apple.product-type.application";
		};
		4A889F602E9C84AC00B09B3C /* CIS357ProjectTests */ = {
			isa = PBXNativeTarget;
			buildConfigurationList = 4A889F782E9C84AC00B09B3C /* Build configuration list for PBXNativeTarget "CIS357ProjectTests" */;
			buildPhases = (
				4A889F5D2E9C84AC00B09B3C /* Sources */,
				4A889F5E2E9C84AC00B09B3C /* Frameworks */,
				4A889F5F2E9C84AC00B09B3C /* Resources */,
			);
			buildRules = (
			);
			dependencies = (
				4A889F632E9C84AC00B09B3C /* PBXTargetDependency */,
			);
			fileSystemSynchronizedGroups = (
				4A889F642E9C84AC00B09B3C /* CIS357ProjectTests */,
			);
			name = CIS357ProjectTests;
			packageProductDependencies = (
			);
			productName = CIS357ProjectTests;
			productReference = 4A889F612E9C84AC00B09B3C /* CIS357ProjectTests.xctest */;
			productType = "com.apple.product-type.bundle.unit-test";
		};
		4A889F6A2E9C84AC00B09B3C /* CIS357ProjectUITests */ = {
			isa = PBXNativeTarget;
			buildConfigurationList = 4A889F7B2E9C84AC00B09B3C /* Build configuration list for PBXNativeTarget "CIS357ProjectUITests" */;
			buildPhases = (
				4A889F672E9C84AC00B09B3C /* Sources */,
				4A889F682E9C84AC00B09B3C /* Frameworks */,
				4A889F692E9C84AC00B09B3C /* Resources */,
			);
			buildRules = (
			);
			dependencies = (
				4A889F6D2E9C84AC00B09B3C /* PBXTargetDependency */,
			);
			fileSystemSynchronizedGroups = (
				4A889F6E2E9C84AC00B09B3C /* CIS357ProjectUITests */,
			);
			name = CIS357ProjectUITests;
			packageProductDependencies = (
			);
			productName = CIS357ProjectUITests;
			productReference = 4A889F6B2E9C84AC00B09B3C /* CIS357ProjectUITests.xctest */;
			productType = "com.apple.product-type.bundle.ui-testing";
		};
/* End PBXNativeTarget section */

/* Begin PBXProject section */
		4A889F4C2E9C84A900B09B3C /* Project object */ = {
			isa = PBXProject;
			attributes = {
				BuildIndependentTargetsInParallel = 1;
				LastSwiftUpdateCheck = 2600;
				LastUpgradeCheck = 2600;
				TargetAttributes = {
					4A889F532E9C84A900B09B3C = {
						CreatedOnToolsVersion = 26.0.1;
					};
					4A889F602E9C84AC00B09B3C = {
						CreatedOnToolsVersion = 26.0.1;
						TestTargetID = 4A889F532E9C84A900B09B3C;
					};
					4A889F6A2E9C84AC00B09B3C = {
						CreatedOnToolsVersion = 26.0.1;
						TestTargetID = 4A889F532E9C84A900B09B3C;
					};
				};
			};
			buildConfigurationList = 4A889F4F2E9C84A900B09B3C /* Build configuration list for PBXProject "CIS357Project" */;
			developmentRegion = en;
			hasScannedForEncodings = 0;
			knownRegions = (
				en,
				Base,
			);
			mainGroup = 4A889F4B2E9C84A900B09B3C;
			minimizedProjectReferenceProxies = 1;
			preferredProjectObjectVersion = 77;
			productRefGroup = 4A889F552E9C84A900B09B3C /* Products */;
			projectDirPath = "";
			projectRoot = "";
			targets = (
				4A889F532E9C84A900B09B3C /* CIS357Project */,
				4A889F602E9C84AC00B09B3C /* CIS357ProjectTests */,
				4A889F6A2E9C84AC00B09B3C /* CIS357ProjectUITests */,
			);
		};
/* End PBXProject section */

/* Begin PBXResourcesBuildPhase section */
		4A889F522E9C84A900B09B3C /* Resources */ = {
			isa = PBXResourcesBuildPhase;
			buildActionMask = 2147483647;
			files = (
			);
			runOnlyForDeploymentPostprocessing = 0;
		};
		4A889F5F2E9C84AC00B09B3C /* Resources */ = {
			isa = PBXResourcesBuildPhase;
			buildActionMask = 2147483647;
			files = (
			);
			runOnlyForDeploymentPostprocessing = 0;
		};
		4A889F692E9C84AC00B09B3C /* Resources */ = {
			isa = PBXResourcesBuildPhase;
			buildActionMask = 2147483647;
			files = (
			);
			runOnlyForDeploymentPostprocessing = 0;
		};
/* End PBXResourcesBuildPhase section */

/* Begin PBXSourcesBuildPhase section */
		4A889F502E9C84A900B09B3C /* Sources */ = {
			isa = PBXSourcesBuildPhase;
			buildActionMask = 2147483647;
			files = (
			);
			runOnlyForDeploymentPostprocessing = 0;
		};
		4A889F5D2E9C84AC00B09B3C /* Sources */ = {
			isa = PBXSourcesBuildPhase;
			buildActionMask = 2147483647;
			files = (
			);
			runOnlyForDeploymentPostprocessing = 0;
		};
		4A889F672E9C84AC00B09B3C /* Sources */ = {
			isa = PBXSourcesBuildPhase;
			buildActionMask = 2147483647;
			files = (
			);
			runOnlyForDeploymentPostprocessing = 0;
		};
/* End PBXSourcesBuildPhase section */

/* Begin PBXTargetDependency section */
		4A889F632E9C84AC00B09B3C /* PBXTargetDependency */ = {
			isa = PBXTargetDependency;
			target = 4A889F532E9C84A900B09B3C /* CIS357Project */;
			targetProxy = 4A889F622E9C84AC00B09B3C /* PBXContainerItemProxy */;
		};
		4A889F6D2E9C84AC00B09B3C /* PBXTargetDependency */ = {
			isa = PBXTargetDependency;
			target = 4A889F532E9C84A900B09B3C /* CIS357Project */;
			targetProxy = 4A889F6C2E9C84AC00B09B3C /* PBXContainerItemProxy */;
		};
/* End PBXTargetDependency section */

/* Begin XCBuildConfiguration section */
		4A889F732E9C84AC00B09B3C /* Debug */ = {
			isa = XCBuildConfiguration;
			buildSettings = {
				ALWAYS_SEARCH_USER_PATHS = NO;
				ASSETCATALOG_COMPILER_GENERATE_SWIFT_ASSET_SYMBOL_EXTENSIONS = YES;
				CLANG_ANALYZER_NONNULL = YES;
				CLANG_ANALYZER_NUMBER_OBJECT_CONVERSION = YES_AGGRESSIVE;
				CLANG_CXX_LANGUAGE_STANDARD = "gnu++20";
				CLANG_ENABLE_MODULES = YES;
				CLANG_ENABLE_OBJC_ARC = YES;
				CLANG_ENABLE_OBJC_WEAK = YES;
				CLANG_WARN_BLOCK_CAPTURE_AUTORELEASING = YES;
				CLANG_WARN_BOOL_CONVERSION = YES;
				CLANG_WARN_COMMA = YES;
				CLANG_WARN_CONSTANT_CONVERSION = YES;
				CLANG_WARN_DEPRECATED_OBJC_IMPLEMENTATIONS = YES;
				CLANG_WARN_DIRECT_OBJC_ISA_USAGE = YES_ERROR;
				CLANG_WARN_DOCUMENTATION_COMMENTS = YES;
				CLANG_WARN_EMPTY_BODY = YES;
				CLANG_WARN_ENUM_CONVERSION = YES;
				CLANG_WARN_INFINITE_RECURSION = YES;
				CLANG_WARN_INT_CONVERSION = YES;
				CLANG_WARN_NON_LITERAL_NULL_CONVERSION = YES;
				CLANG_WARN_OBJC_IMPLICIT_RETAIN_SELF = YES;
				CLANG_WARN_OBJC_LITERAL_CONVERSION = YES;
				CLANG_WARN_OBJC_ROOT_CLASS = YES_ERROR;
				CLANG_WARN_QUOTED_INCLUDE_IN_FRAMEWORK_HEADER = YES;
				CLANG_WARN_RANGE_LOOP_ANALYSIS = YES;
				CLANG_WARN_STRICT_PROTOTYPES = YES;
				CLANG_WARN_SUSPICIOUS_MOVE = YES;
				CLANG_WARN_UNGUARDED_AVAILABILITY = YES_AGGRESSIVE;
				CLANG_WARN_UNREACHABLE_CODE = YES;
				CLANG_WARN__DUPLICATE_METHOD_MATCH = YES;
				COPY_PHASE_STRIP = NO;
				DEBUG_INFORMATION_FORMAT = dwarf;
				ENABLE_STRICT_OBJC_MSGSEND = YES;
				ENABLE_TESTABILITY = YES;
				ENABLE_USER_SCRIPT_SANDBOXING = YES;
				GCC_C_LANGUAGE_STANDARD = gnu17;
				GCC_DYNAMIC_NO_PIC = NO;
				GCC_NO_COMMON_BLOCKS = YES;
				GCC_OPTIMIZATION_LEVEL = 0;
				GCC_PREPROCESSOR_DEFINITIONS = (
					"DEBUG=1",
					"$(inherited)",
				);
				GCC_WARN_64_TO_32_BIT_CONVERSION = YES;
				GCC_WARN_ABOUT_RETURN_TYPE = YES_ERROR;
				GCC_WARN_UNDECLARED_SELECTOR = YES;
				GCC_WARN_UNINITIALIZED_AUTOS = YES_AGGRESSIVE;
				GCC_WARN_UNUSED_FUNCTION = YES;
				GCC_WARN_UNUSED_VARIABLE = YES;
				IPHONEOS_DEPLOYMENT_TARGET = 18.6;
				LOCALIZATION_PREFERS_STRING_CATALOGS = YES;
				MTL_ENABLE_DEBUG_INFO = INCLUDE_SOURCE;
				MTL_FAST_MATH = YES;
				ONLY_ACTIVE_ARCH = YES;
				SDKROOT = iphoneos;
				SWIFT_ACTIVE_COMPILATION_CONDITIONS = "DEBUG $(inherited)";
				SWIFT_OPTIMIZATION_LEVEL = "-Onone";
				SWIFT_VERSION = 5.0;
			};
			name = Debug;
		};
		4A889F742E9C84AC00B09B3C /* Release */ = {
			isa = XCBuildConfiguration;
			buildSettings = {
				ALWAYS_SEARCH_USER_PATHS = NO;
				ASSETCATALOG_COMPILER_GENERATE_SWIFT_ASSET_SYMBOL_EXTENSIONS = YES;
				CLANG_ANALYZER_NONNULL = YES;
				CLANG_ANALYZER_NUMBER_OBJECT_CONVERSION = YES_AGGRESSIVE;
				CLANG_CXX_LANGUAGE_STANDARD = "gnu++20";
				CLANG_ENABLE_MODULES = YES;
				CLANG_ENABLE_OBJC_ARC = YES;
				CLANG_ENABLE_OBJC_WEAK = YES;
				CLANG_WARN_BLOCK_CAPTURE_AUTORELEASING = YES;
				CLANG_WARN_BOOL_CONVERSION = YES;
				CLANG_WARN_COMMA = YES;
				CLANG_WARN_CONSTANT_CONVERSION = YES;
				CLANG_WARN_DEPRECATED_OBJC_IMPLEMENTATIONS = YES;
				CLANG_WARN_DIRECT_OBJC_ISA_USAGE = YES_ERROR;
				CLANG_WARN_DOCUMENTATION_COMMENTS = YES;
				CLANG_WARN_EMPTY_BODY = YES;
				CLANG_WARN_ENUM_CONVERSION = YES;
				CLANG_WARN_INFINITE_RECURSION = YES;
				CLANG_WARN_INT_CONVERSION = YES;
				CLANG_WARN_NON_LITERAL_NULL_CONVERSION = YES;
				CLANG_WARN_OBJC_IMPLICIT_RETAIN_SELF = YES;
				CLANG_WARN_OBJC_LITERAL_CONVERSION = YES;
				CLANG_WARN_OBJC_ROOT_CLASS = YES_ERROR;
				CLANG_WARN_QUOTED_INCLUDE_IN_FRAMEWORK_HEADER = YES;
				CLANG_WARN_RANGE_LOOP_ANALYSIS = YES;
				CLANG_WARN_STRICT_PROTOTYPES = YES;
				CLANG_WARN_SUSPICIOUS_MOVE = YES;
				CLANG_WARN_UNGUARDED_AVAILABILITY = YES_AGGRESSIVE;
				CLANG_WARN_UNREACHABLE_CODE = YES;
				CLANG_WARN__DUPLICATE_METHOD_MATCH = YES;
				COPY_PHASE_STRIP = NO;
				DEBUG_INFORMATION_FORMAT = "dwarf-with-dsym";
				ENABLE_NS_ASSERTIONS = NO;
				ENABLE_STRICT_OBJC_MSGSEND = YES;
				ENABLE_USER_SCRIPT_SANDBOXING = YES;
				GCC_C_LANGUAGE_STANDARD = gnu17;
				GCC_NO_COMMON_BLOCKS = YES;
				GCC_WARN_64_TO_32_BIT_CONVERSION = YES;
				GCC_WARN_ABOUT_RETURN_TYPE = YES_ERROR;
				GCC_WARN_UNDECLARED_SELECTOR = YES;
				GCC_WARN_UNINITIALIZED_AUTOS = YES_AGGRESSIVE;
				GCC_WARN_UNUSED_FUNCTION = YES;
				GCC_WARN_UNUSED_VARIABLE = YES;
				IPHONEOS_DEPLOYMENT_TARGET = 18.6;
				LOCALIZATION_PREFERS_STRING_CATALOGS = YES;
				MTL_ENABLE_DEBUG_INFO = NO;
				MTL_FAST_MATH = YES;
				SDKROOT = iphoneos;
				SWIFT_COMPILATION_MODE = wholemodule;
				SWIFT_VERSION = 5.0;
				VALIDATE_PRODUCT = YES;
			};
			name = Release;
		};
		4A889F762E9C84AC00B09B3C /* Debug */ = {
			isa = XCBuildConfiguration;
			buildSettings = {
				ASSETCATALOG_COMPILER_APPICON_NAME = AppIcon;
				ASSETCATALOG_COMPILER_GLOBAL_ACCENT_COLOR_NAME = AccentColor;
				CODE_SIGN_ENTITLEMENTS = CIS357Project/CIS357Project.entitlements;
				CODE_SIGN_STYLE = Automatic;
				CURRENT_PROJECT_VERSION = 1;
				DEVELOPMENT_TEAM = M366C796DB;
				ENABLE_PREVIEWS = YES;
				GENERATE_INFOPLIST_FILE = YES;
				INFOPLIST_KEY_NSHealthShareUsageDescription = "This app wants to read your health data";
				INFOPLIST_KEY_UIApplicationSceneManifest_Generation = YES;
				INFOPLIST_KEY_UIApplicationSupportsIndirectInputEvents = YES;
				INFOPLIST_KEY_UILaunchScreen_Generation = YES;
				INFOPLIST_KEY_UIStatusBarStyle = "";
				INFOPLIST_KEY_UISupportedInterfaceOrientations_iPad = "UIInterfaceOrientationPortrait UIInterfaceOrientationPortraitUpsideDown UIInterfaceOrientationLandscapeLeft UIInterfaceOrientationLandscapeRight";
				INFOPLIST_KEY_UISupportedInterfaceOrientations_iPhone = "UIInterfaceOrientationPortrait UIInterfaceOrientationLandscapeLeft UIInterfaceOrientationLandscapeRight";
				IPHONEOS_DEPLOYMENT_TARGET = 18.6;
				LD_RUNPATH_SEARCH_PATHS = (
					"$(inherited)",
					"@executable_path/Frameworks",
				);
				MARKETING_VERSION = 1.0;
				PRODUCT_BUNDLE_IDENTIFIER = com.samuptigrove.CIS357Project2;
				PRODUCT_NAME = "$(TARGET_NAME)";
				STRING_CATALOG_GENERATE_SYMBOLS = YES;
				SWIFT_APPROACHABLE_CONCURRENCY = YES;
				SWIFT_DEFAULT_ACTOR_ISOLATION = MainActor;
				SWIFT_EMIT_LOC_STRINGS = YES;
				SWIFT_UPCOMING_FEATURE_MEMBER_IMPORT_VISIBILITY = YES;
				SWIFT_VERSION = 5.0;
				TARGETED_DEVICE_FAMILY = "1,2";
			};
			name = Debug;
		};
		4A889F772E9C84AC00B09B3C /* Release */ = {
			isa = XCBuildConfiguration;
			buildSettings = {
				ASSETCATALOG_COMPILER_APPICON_NAME = AppIcon;
				ASSETCATALOG_COMPILER_GLOBAL_ACCENT_COLOR_NAME = AccentColor;
				CODE_SIGN_ENTITLEMENTS = CIS357Project/CIS357Project.entitlements;
				CODE_SIGN_STYLE = Automatic;
				CURRENT_PROJECT_VERSION = 1;
				DEVELOPMENT_TEAM = M366C796DB;
				ENABLE_PREVIEWS = YES;
				GENERATE_INFOPLIST_FILE = YES;
				INFOPLIST_KEY_NSHealthShareUsageDescription = "This app wants to read your health data";
				INFOPLIST_KEY_UIApplicationSceneManifest_Generation = YES;
				INFOPLIST_KEY_UIApplicationSupportsIndirectInputEvents = YES;
				INFOPLIST_KEY_UILaunchScreen_Generation = YES;
				INFOPLIST_KEY_UIStatusBarStyle = "";
				INFOPLIST_KEY_UISupportedInterfaceOrientations_iPad = "UIInterfaceOrientationPortrait UIInterfaceOrientationPortraitUpsideDown UIInterfaceOrientationLandscapeLeft UIInterfaceOrientationLandscapeRight";
				INFOPLIST_KEY_UISupportedInterfaceOrientations_iPhone = "UIInterfaceOrientationPortrait UIInterfaceOrientationLandscapeLeft UIInterfaceOrientationLandscapeRight";
				IPHONEOS_DEPLOYMENT_TARGET = 18.6;
				LD_RUNPATH_SEARCH_PATHS = (
					"$(inherited)",
					"@executable_path/Frameworks",
				);
				MARKETING_VERSION = 1.0;
				PRODUCT_BUNDLE_IDENTIFIER = com.samuptigrove.CIS357Project2;
				PRODUCT_NAME = "$(TARGET_NAME)";
				STRING_CATALOG_GENERATE_SYMBOLS = YES;
				SWIFT_APPROACHABLE_CONCURRENCY = YES;
				SWIFT_DEFAULT_ACTOR_ISOLATION = MainActor;
				SWIFT_EMIT_LOC_STRINGS = YES;
				SWIFT_UPCOMING_FEATURE_MEMBER_IMPORT_VISIBILITY = YES;
				SWIFT_VERSION = 5.0;
				TARGETED_DEVICE_FAMILY = "1,2";
			};
			name = Release;
		};
		4A889F792E9C84AC00B09B3C /* Debug */ = {
			isa = XCBuildConfiguration;
			buildSettings = {
				BUNDLE_LOADER = "$(TEST_HOST)";
				CODE_SIGN_STYLE = Automatic;
				CURRENT_PROJECT_VERSION = 1;
				DEVELOPMENT_TEAM = 9358SQ7JA6;
				GENERATE_INFOPLIST_FILE = YES;
				IPHONEOS_DEPLOYMENT_TARGET = 26.0;
				MARKETING_VERSION = 1.0;
				PRODUCT_BUNDLE_IDENTIFIER = com.samuptigrove.CIS357ProjectTests;
				PRODUCT_NAME = "$(TARGET_NAME)";
				STRING_CATALOG_GENERATE_SYMBOLS = NO;
				SWIFT_APPROACHABLE_CONCURRENCY = YES;
				SWIFT_EMIT_LOC_STRINGS = NO;
				SWIFT_UPCOMING_FEATURE_MEMBER_IMPORT_VISIBILITY = YES;
				SWIFT_VERSION = 5.0;
				TARGETED_DEVICE_FAMILY = "1,2";
				TEST_HOST = "$(BUILT_PRODUCTS_DIR)/CIS357Project.app/$(BUNDLE_EXECUTABLE_FOLDER_PATH)/CIS357Project";
			};
			name = Debug;
		};
		4A889F7A2E9C84AC00B09B3C /* Release */ = {
			isa = XCBuildConfiguration;
			buildSettings = {
				BUNDLE_LOADER = "$(TEST_HOST)";
				CODE_SIGN_STYLE = Automatic;
				CURRENT_PROJECT_VERSION = 1;
				DEVELOPMENT_TEAM = 9358SQ7JA6;
				GENERATE_INFOPLIST_FILE = YES;
				IPHONEOS_DEPLOYMENT_TARGET = 26.0;
				MARKETING_VERSION = 1.0;
				PRODUCT_BUNDLE_IDENTIFIER = com.samuptigrove.CIS357ProjectTests;
				PRODUCT_NAME = "$(TARGET_NAME)";
				STRING_CATALOG_GENERATE_SYMBOLS = NO;
				SWIFT_APPROACHABLE_CONCURRENCY = YES;
				SWIFT_EMIT_LOC_STRINGS = NO;
				SWIFT_UPCOMING_FEATURE_MEMBER_IMPORT_VISIBILITY = YES;
				SWIFT_VERSION = 5.0;
				TARGETED_DEVICE_FAMILY = "1,2";
				TEST_HOST = "$(BUILT_PRODUCTS_DIR)/CIS357Project.app/$(BUNDLE_EXECUTABLE_FOLDER_PATH)/CIS357Project";
			};
			name = Release;
		};
		4A889F7C2E9C84AC00B09B3C /* Debug */ = {
			isa = XCBuildConfiguration;
			buildSettings = {
				CODE_SIGN_STYLE = Automatic;
				CURRENT_PROJECT_VERSION = 1;
				GENERATE_INFOPLIST_FILE = YES;
				MARKETING_VERSION = 1.0;
				PRODUCT_BUNDLE_IDENTIFIER = com.samuptigrove.CIS357ProjectUITests;
				PRODUCT_NAME = "$(TARGET_NAME)";
				STRING_CATALOG_GENERATE_SYMBOLS = NO;
				SWIFT_APPROACHABLE_CONCURRENCY = YES;
				SWIFT_EMIT_LOC_STRINGS = NO;
				SWIFT_UPCOMING_FEATURE_MEMBER_IMPORT_VISIBILITY = YES;
				SWIFT_VERSION = 5.0;
				TARGETED_DEVICE_FAMILY = "1,2";
				TEST_TARGET_NAME = CIS357Project;
			};
			name = Debug;
		};
		4A889F7D2E9C84AC00B09B3C /* Release */ = {
			isa = XCBuildConfiguration;
			buildSettings = {
				CODE_SIGN_STYLE = Automatic;
				CURRENT_PROJECT_VERSION = 1;
				GENERATE_INFOPLIST_FILE = YES;
				MARKETING_VERSION = 1.0;
				PRODUCT_BUNDLE_IDENTIFIER = com.samuptigrove.CIS357ProjectUITests;
				PRODUCT_NAME = "$(TARGET_NAME)";
				STRING_CATALOG_GENERATE_SYMBOLS = NO;
				SWIFT_APPROACHABLE_CONCURRENCY = YES;
				SWIFT_EMIT_LOC_STRINGS = NO;
				SWIFT_UPCOMING_FEATURE_MEMBER_IMPORT_VISIBILITY = YES;
				SWIFT_VERSION = 5.0;
				TARGETED_DEVICE_FAMILY = "1,2";
				TEST_TARGET_NAME = CIS357Project;
			};
			name = Release;
		};
/* End XCBuildConfiguration section */

/* Begin XCConfigurationList section */
		4A889F4F2E9C84A900B09B3C /* Build configuration list for PBXProject "CIS357Project" */ = {
			isa = XCConfigurationList;
			buildConfigurations = (
				4A889F732E9C84AC00B09B3C /* Debug */,
				4A889F742E9C84AC00B09B3C /* Release */,
			);
			defaultConfigurationIsVisible = 0;
			defaultConfigurationName = Release;
		};
		4A889F752E9C84AC00B09B3C /* Build configuration list for PBXNativeTarget "CIS357Project" */ = {
			isa = XCConfigurationList;
			buildConfigurations = (
				4A889F762E9C84AC00B09B3C /* Debug */,
				4A889F772E9C84AC00B09B3C /* Release */,
			);
			defaultConfigurationIsVisible = 0;
			defaultConfigurationName = Release;
		};
		4A889F782E9C84AC00B09B3C /* Build configuration list for PBXNativeTarget "CIS357ProjectTests" */ = {
			isa = XCConfigurationList;
			buildConfigurations = (
				4A889F792E9C84AC00B09B3C /* Debug */,
				4A889F7A2E9C84AC00B09B3C /* Release */,
			);
			defaultConfigurationIsVisible = 0;
			defaultConfigurationName = Release;
		};
		4A889F7B2E9C84AC00B09B3C /* Build configuration list for PBXNativeTarget "CIS357ProjectUITests" */ = {
			isa = XCConfigurationList;
			buildConfigurations = (
				4A889F7C2E9C84AC00B09B3C /* Debug */,
				4A889F7D2E9C84AC00B09B3C /* Release */,
			);
			defaultConfigurationIsVisible = 0;
			defaultConfigurationName = Release;
		};
/* End XCConfigurationList section */
	};
	rootObject = 4A889F4C2E9C84A900B09B3C /* Project object */;
}
